<?xml version="1.0" encoding="utf-8"?>
<Project ToolsVersion="4.0" xmlns="http://schemas.microsoft.com/developer/msbuild/2003">
  <ItemGroup>
    <ClCompile Include="src\main.cpp" />
    <ClCompile Include="src\Application.cpp" />
    <ClCompile Include="src\AudioPlayer.cpp" />
    <ClCompile Include="src\GameStateStack.cpp" />
    <ClCompile Include="src\UI.cpp" />
    <ClCompile Include="src\UIButton.cpp" />
    <ClCompile Include="src\UILabel.cpp" />
    <ClCompile Include="src\UITextBox.cpp" />
    <ClCompile Include="src\UIWidget.cpp" />
    <ClCompile Include="src\PlayingState.cpp" />
    <ClCompile Include="src\MenuState.cpp" />
  </ItemGroup>
  <ItemGroup>
    <ClInclude Include="src\Application.h" />
    <ClInclude Include="src\AudioPlayer.h" />
    <ClInclude Include="src\GameState.h" />
    <ClInclude Include="src\GameStateStack.h" />
    <ClInclude Include="src\ResourceManager.h" />
    <ClInclude Include="src\SFMLResourceLoader.h" />
    <ClInclude Include="src\UI.h" />
    <ClInclude Include="src\UIButton.h" />
    <ClInclude Include="src\UILabel.h" />
    <ClInclude Include="src\UITextBox.h" />
    <ClInclude Include="src\UIWidget.h" />
    <ClInclude Include="src\PlayingState.h" />
    <ClInclude Include="src\MenuState.h" />
  </ItemGroup>
</Project>